
Microsoft Visual Studio Solution File, Format Version 12.00
# Visual Studio 15
VisualStudioVersion = 15.0.26430.16
MinimumVisualStudioVersion = 10.0.40219.1
Project("{8BC9CEB8-8B4A-11D0-8D11-00A0C91BC942}") = "Day-0", "30-days-code\30-days-code.vcxproj", "{4BBBB35C-3839-43BB-8EC0-7A4EE24CD310}"
EndProject
Project("{8BC9CEB8-8B4A-11D0-8D11-00A0C91BC942}") = "Day-1", "Day-1\Day-1.vcxproj", "{2DBCB375-AD44-46DB-806F-48DFFC60AF24}"
EndProject
Project("{8BC9CEB8-8B4A-11D0-8D11-00A0C91BC942}") = "Day-2", "Day-2\Day-2.vcxproj", "{912F307C-41C5-4F98-8F3B-735033361D2C}"
EndProject
Project("{8BC9CEB8-8B4A-11D0-8D11-00A0C91BC942}") = "Day-3", "Day-3\Day-3.vcxproj", "{795266DB-7073-4DA3-9879-613CFA1E6041}"
EndProject
Project("{8BC9CEB8-8B4A-11D0-8D11-00A0C91BC942}") = "Day-4", "Day-4\Day-4.vcxproj", "{1DED86FF-62EE-4153-9767-8E9CF41C2793}"
EndProject
Project("{8BC9CEB8-8B4A-11D0-8D11-00A0C91BC942}") = "Day-5", "Day-5\Day-5.vcxproj", "{5E37136E-BC0D-4C72-9C66-08FFA9225280}"
EndProject
Project("{8BC9CEB8-8B4A-11D0-8D11-00A0C91BC942}") = "Day-6", "Day-6\Day-6.vcxproj", "{6001681A-55AC-45FD-A974-76D6251CA48F}"
EndProject
Project("{8BC9CEB8-8B4A-11D0-8D11-00A0C91BC942}") = "Day-7", "Day-7\Day-7.vcxproj", "{FBB10E4C-29DB-41C9-9232-AEDC89ED329A}"
EndProject
Project("{8BC9CEB8-8B4A-11D0-8D11-00A0C91BC942}") = "Day-8", "Day-8\Day-8.vcxproj", "{436ED7F1-A008-4000-BEC2-7E0F84384308}"
EndProject
Project("{8BC9CEB8-8B4A-11D0-8D11-00A0C91BC942}") = "Day-9", "Day-9\Day-9.vcxproj", "{8235A464-E4A0-4243-BAA2-9A9CB98E7083}"
EndProject
Project("{8BC9CEB8-8B4A-11D0-8D11-00A0C91BC942}") = "Day-10", "Day-10\Day-10.vcxproj", "{1EBC4DE3-9F49-4004-A18F-24DCDC42BFBB}"
EndProject
Project("{8BC9CEB8-8B4A-11D0-8D11-00A0C91BC942}") = "Day-11", "Day-11\Day-11.vcxproj", "{21990178-A241-42EA-8913-AC5CEB075F76}"
EndProject
Project("{8BC9CEB8-8B4A-11D0-8D11-00A0C91BC942}") = "Day-12", "Day-12\Day-12.vcxproj", "{1F902CDD-9AA4-4DCA-90B4-39C448E68A94}"
EndProject
Project("{8BC9CEB8-8B4A-11D0-8D11-00A0C91BC942}") = "Day-13", "Day-13\Day-13.vcxproj", "{BAE9A027-8D0E-448D-8382-18FBD8E9C5B0}"
EndProject
Global
	GlobalSection(SolutionConfigurationPlatforms) = preSolution
		Debug|x64 = Debug|x64
		Debug|x86 = Debug|x86
		Release|x64 = Release|x64
		Release|x86 = Release|x86
	EndGlobalSection
	GlobalSection(ProjectConfigurationPlatforms) = postSolution
		{4BBBB35C-3839-43BB-8EC0-7A4EE24CD310}.Debug|x64.ActiveCfg = Debug|x64
		{4BBBB35C-3839-43BB-8EC0-7A4EE24CD310}.Debug|x64.Build.0 = Debug|x64
		{4BBBB35C-3839-43BB-8EC0-7A4EE24CD310}.Debug|x86.ActiveCfg = Debug|Win32
		{4BBBB35C-3839-43BB-8EC0-7A4EE24CD310}.Debug|x86.Build.0 = Debug|Win32
		{4BBBB35C-3839-43BB-8EC0-7A4EE24CD310}.Release|x64.ActiveCfg = Release|x64
		{4BBBB35C-3839-43BB-8EC0-7A4EE24CD310}.Release|x64.Build.0 = Release|x64
		{4BBBB35C-3839-43BB-8EC0-7A4EE24CD310}.Release|x86.ActiveCfg = Release|Win32
		{4BBBB35C-3839-43BB-8EC0-7A4EE24CD310}.Release|x86.Build.0 = Release|Win32
		{2DBCB375-AD44-46DB-806F-48DFFC60AF24}.Debug|x64.ActiveCfg = Debug|x64
		{2DBCB375-AD44-46DB-806F-48DFFC60AF24}.Debug|x64.Build.0 = Debug|x64
		{2DBCB375-AD44-46DB-806F-48DFFC60AF24}.Debug|x86.ActiveCfg = Debug|Win32
		{2DBCB375-AD44-46DB-806F-48DFFC60AF24}.Debug|x86.Build.0 = Debug|Win32
		{2DBCB375-AD44-46DB-806F-48DFFC60AF24}.Release|x64.ActiveCfg = Release|x64
		{2DBCB375-AD44-46DB-806F-48DFFC60AF24}.Release|x64.Build.0 = Release|x64
		{2DBCB375-AD44-46DB-806F-48DFFC60AF24}.Release|x86.ActiveCfg = Release|Win32
		{2DBCB375-AD44-46DB-806F-48DFFC60AF24}.Release|x86.Build.0 = Release|Win32
		{912F307C-41C5-4F98-8F3B-735033361D2C}.Debug|x64.ActiveCfg = Debug|x64
		{912F307C-41C5-4F98-8F3B-735033361D2C}.Debug|x64.Build.0 = Debug|x64
		{912F307C-41C5-4F98-8F3B-735033361D2C}.Debug|x86.ActiveCfg = Debug|Win32
		{912F307C-41C5-4F98-8F3B-735033361D2C}.Debug|x86.Build.0 = Debug|Win32
		{912F307C-41C5-4F98-8F3B-735033361D2C}.Release|x64.ActiveCfg = Release|x64
		{912F307C-41C5-4F98-8F3B-735033361D2C}.Release|x64.Build.0 = Release|x64
		{912F307C-41C5-4F98-8F3B-735033361D2C}.Release|x86.ActiveCfg = Release|Win32
		{912F307C-41C5-4F98-8F3B-735033361D2C}.Release|x86.Build.0 = Release|Win32
		{795266DB-7073-4DA3-9879-613CFA1E6041}.Debug|x64.ActiveCfg = Debug|x64
		{795266DB-7073-4DA3-9879-613CFA1E6041}.Debug|x64.Build.0 = Debug|x64
		{795266DB-7073-4DA3-9879-613CFA1E6041}.Debug|x86.ActiveCfg = Debug|Win32
		{795266DB-7073-4DA3-9879-613CFA1E6041}.Debug|x86.Build.0 = Debug|Win32
		{795266DB-7073-4DA3-9879-613CFA1E6041}.Release|x64.ActiveCfg = Release|x64
		{795266DB-7073-4DA3-9879-613CFA1E6041}.Release|x64.Build.0 = Release|x64
		{795266DB-7073-4DA3-9879-613CFA1E6041}.Release|x86.ActiveCfg = Release|Win32
		{795266DB-7073-4DA3-9879-613CFA1E6041}.Release|x86.Build.0 = Release|Win32
		{1DED86FF-62EE-4153-9767-8E9CF41C2793}.Debug|x64.ActiveCfg = Debug|x64
		{1DED86FF-62EE-4153-9767-8E9CF41C2793}.Debug|x64.Build.0 = Debug|x64
		{1DED86FF-62EE-4153-9767-8E9CF41C2793}.Debug|x86.ActiveCfg = Debug|Win32
		{1DED86FF-62EE-4153-9767-8E9CF41C2793}.Debug|x86.Build.0 = Debug|Win32
		{1DED86FF-62EE-4153-9767-8E9CF41C2793}.Release|x64.ActiveCfg = Release|x64
		{1DED86FF-62EE-4153-9767-8E9CF41C2793}.Release|x64.Build.0 = Release|x64
		{1DED86FF-62EE-4153-9767-8E9CF41C2793}.Release|x86.ActiveCfg = Release|Win32
		{1DED86FF-62EE-4153-9767-8E9CF41C2793}.Release|x86.Build.0 = Release|Win32
		{5E37136E-BC0D-4C72-9C66-08FFA9225280}.Debug|x64.ActiveCfg = Debug|x64
		{5E37136E-BC0D-4C72-9C66-08FFA9225280}.Debug|x64.Build.0 = Debug|x64
		{5E37136E-BC0D-4C72-9C66-08FFA9225280}.Debug|x86.ActiveCfg = Debug|Win32
		{5E37136E-BC0D-4C72-9C66-08FFA9225280}.Debug|x86.Build.0 = Debug|Win32
		{5E37136E-BC0D-4C72-9C66-08FFA9225280}.Release|x64.ActiveCfg = Release|x64
		{5E37136E-BC0D-4C72-9C66-08FFA9225280}.Release|x64.Build.0 = Release|x64
		{5E37136E-BC0D-4C72-9C66-08FFA9225280}.Release|x86.ActiveCfg = Release|Win32
		{5E37136E-BC0D-4C72-9C66-08FFA9225280}.Release|x86.Build.0 = Release|Win32
		{6001681A-55AC-45FD-A974-76D6251CA48F}.Debug|x64.ActiveCfg = Debug|x64
		{6001681A-55AC-45FD-A974-76D6251CA48F}.Debug|x64.Build.0 = Debug|x64
		{6001681A-55AC-45FD-A974-76D6251CA48F}.Debug|x86.ActiveCfg = Debug|Win32
		{6001681A-55AC-45FD-A974-76D6251CA48F}.Debug|x86.Build.0 = Debug|Win32
		{6001681A-55AC-45FD-A974-76D6251CA48F}.Release|x64.ActiveCfg = Release|x64
		{6001681A-55AC-45FD-A974-76D6251CA48F}.Release|x64.Build.0 = Release|x64
		{6001681A-55AC-45FD-A974-76D6251CA48F}.Release|x86.ActiveCfg = Release|Win32
		{6001681A-55AC-45FD-A974-76D6251CA48F}.Release|x86.Build.0 = Release|Win32
		{FBB10E4C-29DB-41C9-9232-AEDC89ED329A}.Debug|x64.ActiveCfg = Debug|x64
		{FBB10E4C-29DB-41C9-9232-AEDC89ED329A}.Debug|x64.Build.0 = Debug|x64
		{FBB10E4C-29DB-41C9-9232-AEDC89ED329A}.Debug|x86.ActiveCfg = Debug|Win32
		{FBB10E4C-29DB-41C9-9232-AEDC89ED329A}.Debug|x86.Build.0 = Debug|Win32
		{FBB10E4C-29DB-41C9-9232-AEDC89ED329A}.Release|x64.ActiveCfg = Release|x64
		{FBB10E4C-29DB-41C9-9232-AEDC89ED329A}.Release|x64.Build.0 = Release|x64
		{FBB10E4C-29DB-41C9-9232-AEDC89ED329A}.Release|x86.ActiveCfg = Release|Win32
		{FBB10E4C-29DB-41C9-9232-AEDC89ED329A}.Release|x86.Build.0 = Release|Win32
		{436ED7F1-A008-4000-BEC2-7E0F84384308}.Debug|x64.ActiveCfg = Debug|x64
		{436ED7F1-A008-4000-BEC2-7E0F84384308}.Debug|x64.Build.0 = Debug|x64
		{436ED7F1-A008-4000-BEC2-7E0F84384308}.Debug|x86.ActiveCfg = Debug|Win32
		{436ED7F1-A008-4000-BEC2-7E0F84384308}.Debug|x86.Build.0 = Debug|Win32
		{436ED7F1-A008-4000-BEC2-7E0F84384308}.Release|x64.ActiveCfg = Release|x64
		{436ED7F1-A008-4000-BEC2-7E0F84384308}.Release|x64.Build.0 = Release|x64
		{436ED7F1-A008-4000-BEC2-7E0F84384308}.Release|x86.ActiveCfg = Release|Win32
		{436ED7F1-A008-4000-BEC2-7E0F84384308}.Release|x86.Build.0 = Release|Win32
		{8235A464-E4A0-4243-BAA2-9A9CB98E7083}.Debug|x64.ActiveCfg = Debug|x64
		{8235A464-E4A0-4243-BAA2-9A9CB98E7083}.Debug|x64.Build.0 = Debug|x64
		{8235A464-E4A0-4243-BAA2-9A9CB98E7083}.Debug|x86.ActiveCfg = Debug|Win32
		{8235A464-E4A0-4243-BAA2-9A9CB98E7083}.Debug|x86.Build.0 = Debug|Win32
		{8235A464-E4A0-4243-BAA2-9A9CB98E7083}.Release|x64.ActiveCfg = Release|x64
		{8235A464-E4A0-4243-BAA2-9A9CB98E7083}.Release|x64.Build.0 = Release|x64
		{8235A464-E4A0-4243-BAA2-9A9CB98E7083}.Release|x86.ActiveCfg = Release|Win32
		{8235A464-E4A0-4243-BAA2-9A9CB98E7083}.Release|x86.Build.0 = Release|Win32
		{1EBC4DE3-9F49-4004-A18F-24DCDC42BFBB}.Debug|x64.ActiveCfg = Debug|x64
		{1EBC4DE3-9F49-4004-A18F-24DCDC42BFBB}.Debug|x64.Build.0 = Debug|x64
		{1EBC4DE3-9F49-4004-A18F-24DCDC42BFBB}.Debug|x86.ActiveCfg = Debug|Win32
		{1EBC4DE3-9F49-4004-A18F-24DCDC42BFBB}.Debug|x86.Build.0 = Debug|Win32
		{1EBC4DE3-9F49-4004-A18F-24DCDC42BFBB}.Release|x64.ActiveCfg = Release|x64
		{1EBC4DE3-9F49-4004-A18F-24DCDC42BFBB}.Release|x64.Build.0 = Release|x64
		{1EBC4DE3-9F49-4004-A18F-24DCDC42BFBB}.Release|x86.ActiveCfg = Release|Win32
		{1EBC4DE3-9F49-4004-A18F-24DCDC42BFBB}.Release|x86.Build.0 = Release|Win32
		{21990178-A241-42EA-8913-AC5CEB075F76}.Debug|x64.ActiveCfg = Debug|x64
		{21990178-A241-42EA-8913-AC5CEB075F76}.Debug|x64.Build.0 = Debug|x64
		{21990178-A241-42EA-8913-AC5CEB075F76}.Debug|x86.ActiveCfg = Debug|Win32
		{21990178-A241-42EA-8913-AC5CEB075F76}.Debug|x86.Build.0 = Debug|Win32
		{21990178-A241-42EA-8913-AC5CEB075F76}.Release|x64.ActiveCfg = Release|x64
		{21990178-A241-42EA-8913-AC5CEB075F76}.Release|x64.Build.0 = Release|x64
		{21990178-A241-42EA-8913-AC5CEB075F76}.Release|x86.ActiveCfg = Release|Win32
		{21990178-A241-42EA-8913-AC5CEB075F76}.Release|x86.Build.0 = Release|Win32
		{1F902CDD-9AA4-4DCA-90B4-39C448E68A94}.Debug|x64.ActiveCfg = Debug|x64
		{1F902CDD-9AA4-4DCA-90B4-39C448E68A94}.Debug|x64.Build.0 = Debug|x64
		{1F902CDD-9AA4-4DCA-90B4-39C448E68A94}.Debug|x86.ActiveCfg = Debug|Win32
		{1F902CDD-9AA4-4DCA-90B4-39C448E68A94}.Debug|x86.Build.0 = Debug|Win32
		{1F902CDD-9AA4-4DCA-90B4-39C448E68A94}.Release|x64.ActiveCfg = Release|x64
		{1F902CDD-9AA4-4DCA-90B4-39C448E68A94}.Release|x64.Build.0 = Release|x64
		{1F902CDD-9AA4-4DCA-90B4-39C448E68A94}.Release|x86.ActiveCfg = Release|Win32
		{1F902CDD-9AA4-4DCA-90B4-39C448E68A94}.Release|x86.Build.0 = Release|Win32
		{BAE9A027-8D0E-448D-8382-18FBD8E9C5B0}.Debug|x64.ActiveCfg = Debug|x64
		{BAE9A027-8D0E-448D-8382-18FBD8E9C5B0}.Debug|x64.Build.0 = Debug|x64
		{BAE9A027-8D0E-448D-8382-18FBD8E9C5B0}.Debug|x86.ActiveCfg = Debug|Win32
		{BAE9A027-8D0E-448D-8382-18FBD8E9C5B0}.Debug|x86.Build.0 = Debug|Win32
		{BAE9A027-8D0E-448D-8382-18FBD8E9C5B0}.Release|x64.ActiveCfg = Release|x64
		{BAE9A027-8D0E-448D-8382-18FBD8E9C5B0}.Release|x64.Build.0 = Release|x64
		{BAE9A027-8D0E-448D-8382-18FBD8E9C5B0}.Release|x86.ActiveCfg = Release|Win32
		{BAE9A027-8D0E-448D-8382-18FBD8E9C5B0}.Release|x86.Build.0 = Release|Win32
	EndGlobalSection
	GlobalSection(SolutionProperties) = preSolution
		HideSolutionNode = FALSE
	EndGlobalSection
EndGlobal
